
Microsoft Visual Studio Solution File, Format Version 12.00
# Visual Studio 15
VisualStudioVersion = 15.0.27130.2010
MinimumVisualStudioVersion = 10.0.40219.1
Project("{FAE04EC0-301F-11D3-BF4B-00C04F79EFBC}") = "DaOAuth.Api", "DaOAuth.Api\DaOAuth.Api.csproj", "{3BCACAF9-9752-4369-BAD3-32A0202E9455}"
EndProject
Global
	GlobalSection(SolutionConfigurationPlatforms) = preSolution
		Debug|Any CPU = Debug|Any CPU
		Release|Any CPU = Release|Any CPU
	EndGlobalSection
	GlobalSection(ProjectConfigurationPlatforms) = postSolution
		{3BCACAF9-9752-4369-BAD3-32A0202E9455}.Debug|Any CPU.ActiveCfg = Debug|Any CPU
		{3BCACAF9-9752-4369-BAD3-32A0202E9455}.Debug|Any CPU.Build.0 = Debug|Any CPU
		{3BCACAF9-9752-4369-BAD3-32A0202E9455}.Release|Any CPU.ActiveCfg = Release|Any CPU
		{3BCACAF9-9752-4369-BAD3-32A0202E9455}.Release|Any CPU.Build.0 = Release|Any CPU
	EndGlobalSection
	GlobalSection(SolutionProperties) = preSolution
		HideSolutionNode = FALSE
	EndGlobalSection
	GlobalSection(ExtensibilityGlobals) = postSolution
		SolutionGuid = {E8006CD7-629A-46AB-AF50-A8B73685F96A}
	EndGlobalSection
EndGlobal
